
Microsoft Visual Studio Solution File, Format Version 12.00
# Visual Studio 15
VisualStudioVersion = 15.0.27130.2010
MinimumVisualStudioVersion = 10.0.40219.1
Project("{FAE04EC0-301F-11D3-BF4B-00C04F79EFBC}") = "FluentWebHelper", "FluentWebHelper\FluentWebHelper.csproj", "{3CC16B88-B3FF-408E-92B3-F8ADCE62D96B}"
EndProject
Global
	GlobalSection(SolutionConfigurationPlatforms) = preSolution
		Debug|Any CPU = Debug|Any CPU
		Release|Any CPU = Release|Any CPU
	EndGlobalSection
	GlobalSection(ProjectConfigurationPlatforms) = postSolution
		{3CC16B88-B3FF-408E-92B3-F8ADCE62D96B}.Debug|Any CPU.ActiveCfg = Debug|Any CPU
		{3CC16B88-B3FF-408E-92B3-F8ADCE62D96B}.Debug|Any CPU.Build.0 = Debug|Any CPU
		{3CC16B88-B3FF-408E-92B3-F8ADCE62D96B}.Release|Any CPU.ActiveCfg = Release|Any CPU
		{3CC16B88-B3FF-408E-92B3-F8ADCE62D96B}.Release|Any CPU.Build.0 = Release|Any CPU
	EndGlobalSection
	GlobalSection(SolutionProperties) = preSolution
		HideSolutionNode = FALSE
	EndGlobalSection
	GlobalSection(ExtensibilityGlobals) = postSolution
		SolutionGuid = {BBF16EE4-FF09-40E6-806B-ED3A57620D7C}
	EndGlobalSection
EndGlobal
